
Microsoft Visual Studio Solution File, Format Version 12.00
# Visual Studio Version 17
VisualStudioVersion = 17.4.33213.308
MinimumVisualStudioVersion = 10.0.40219.1
Project("{FAE04EC0-301F-11D3-BF4B-00C04F79EFBC}") = "Menu_Listas", "Menu_Listas\Menu_Listas.csproj", "{3676D3A4-CCAA-4FF6-AFC3-C1B48A2E4940}"
EndProject
Global
	GlobalSection(SolutionConfigurationPlatforms) = preSolution
		Debug|Any CPU = Debug|Any CPU
		Release|Any CPU = Release|Any CPU
	EndGlobalSection
	GlobalSection(ProjectConfigurationPlatforms) = postSolution
		{3676D3A4-CCAA-4FF6-AFC3-C1B48A2E4940}.Debug|Any CPU.ActiveCfg = Debug|Any CPU
		{3676D3A4-CCAA-4FF6-AFC3-C1B48A2E4940}.Debug|Any CPU.Build.0 = Debug|Any CPU
		{3676D3A4-CCAA-4FF6-AFC3-C1B48A2E4940}.Release|Any CPU.ActiveCfg = Release|Any CPU
		{3676D3A4-CCAA-4FF6-AFC3-C1B48A2E4940}.Release|Any CPU.Build.0 = Release|Any CPU
	EndGlobalSection
	GlobalSection(SolutionProperties) = preSolution
		HideSolutionNode = FALSE
	EndGlobalSection
	GlobalSection(ExtensibilityGlobals) = postSolution
		SolutionGuid = {E1BE69AA-7B69-4B6B-B437-A7BB9C203F04}
	EndGlobalSection
EndGlobal
